
Microsoft Visual Studio Solution File, Format Version 12.00
# Visual Studio 15
VisualStudioVersion = 15.0.27004.2010
MinimumVisualStudioVersion = 15.0.26124.0
Project("{2150E333-8FDC-42A3-9474-1A3956D46DE8}") = "src", "src", "{058CB79A-1B3F-4FF1-A281-0B4E6DF6DB92}"
EndProject
Project("{9A19103F-16F7-4668-BE54-9A1E7A4F7556}") = "ForEvolve.Azure", "src\ForEvolve.Azure\ForEvolve.Azure.csproj", "{369179EA-785C-4E7D-ABE1-EFDB8C301630}"
EndProject
Project("{2150E333-8FDC-42A3-9474-1A3956D46DE8}") = "test", "test", "{64EABBA2-1A28-494B-8D8E-A0F84D7322E4}"
EndProject
Project("{9A19103F-16F7-4668-BE54-9A1E7A4F7556}") = "ForEvolve.Core", "src\ForEvolve.Core\ForEvolve.Core.csproj", "{803672D5-A637-4343-8E0B-7FEF28DE9F9B}"
EndProject
Project("{9A19103F-16F7-4668-BE54-9A1E7A4F7556}") = "ForEvolve.AspNetCore", "src\ForEvolve.AspNetCore\ForEvolve.AspNetCore.csproj", "{0AEBFEC5-874D-4B5A-89D3-7C4EAC09C720}"
EndProject
Project("{9A19103F-16F7-4668-BE54-9A1E7A4F7556}") = "ForEvolve.AspNetCore.Tests", "test\ForEvolve.AspNetCore.Tests\ForEvolve.AspNetCore.Tests.csproj", "{ECCDED44-370B-4C72-8FB1-D77CB4D33D47}"
EndProject
Project("{9A19103F-16F7-4668-BE54-9A1E7A4F7556}") = "ForEvolve.Azure.Tests", "test\ForEvolve.Azure.Tests\ForEvolve.Azure.Tests.csproj", "{4A0A73C5-B117-4DC0-8263-D1A325E4F901}"
EndProject
Project("{9A19103F-16F7-4668-BE54-9A1E7A4F7556}") = "ForEvolve.Core.Tests", "test\ForEvolve.Core.Tests\ForEvolve.Core.Tests.csproj", "{F8B5B30F-FC6B-41FD-B40D-68715A868B95}"
EndProject
Project("{9A19103F-16F7-4668-BE54-9A1E7A4F7556}") = "ForEvolve.Api.Contracts", "src\ForEvolve.Api.Contracts\ForEvolve.Api.Contracts.csproj", "{18416CA4-FAA6-4FB0-8F3F-3E365942D950}"
EndProject
Project("{9A19103F-16F7-4668-BE54-9A1E7A4F7556}") = "ForEvolve.Api.Contracts.Tests", "test\ForEvolve.Api.Contracts.Tests\ForEvolve.Api.Contracts.Tests.csproj", "{FAE5864E-1899-40FC-BDB3-7E77C6CDD3D0}"
EndProject
Project("{9A19103F-16F7-4668-BE54-9A1E7A4F7556}") = "ForEvolve.XUnit", "src\ForEvolve.XUnit\ForEvolve.XUnit.csproj", "{276264F9-6F6E-4012-8FA3-CC17ABE93565}"
EndProject
Project("{9A19103F-16F7-4668-BE54-9A1E7A4F7556}") = "ForEvolve.XUnit.Tests", "test\ForEvolve.XUnit.Tests\ForEvolve.XUnit.Tests.csproj", "{DAE5C6F5-FB82-4BDB-B4E4-0D84E8036723}"
EndProject
Project("{9A19103F-16F7-4668-BE54-9A1E7A4F7556}") = "ForEvolve.DynamicInternalServerError", "src\ForEvolve.DynamicInternalServerError\ForEvolve.DynamicInternalServerError.csproj", "{A5B02FBB-F0B5-432A-9F32-41440DB1F05C}"
EndProject
Project("{9A19103F-16F7-4668-BE54-9A1E7A4F7556}") = "ForEvolve.DynamicInternalServerError.Swagger", "src\ForEvolve.DynamicInternalServerError.Swagger\ForEvolve.DynamicInternalServerError.Swagger.csproj", "{45B448B4-F28B-4BD1-A2E3-49E7EA4992CF}"
EndProject
Project("{9A19103F-16F7-4668-BE54-9A1E7A4F7556}") = "ForEvolve.DynamicInternalServerError.Tests", "test\ForEvolve.DynamicInternalServerError.Tests\ForEvolve.DynamicInternalServerError.Tests.csproj", "{FDE000E6-DF60-45EE-8134-AFAA346A1243}"
EndProject
Project("{9A19103F-16F7-4668-BE54-9A1E7A4F7556}") = "ForEvolve.DynamicInternalServerError.TWebServer", "test\ForEvolve.DynamicInternalServerError.TWebServer\ForEvolve.DynamicInternalServerError.TWebServer.csproj", "{A1F374CB-133A-4F94-AC8F-A90C9A503344}"
EndProject
Project("{9A19103F-16F7-4668-BE54-9A1E7A4F7556}") = "ForEvolve.DynamicInternalServerError.Swagger.TWebServer", "test\ForEvolve.DynamicInternalServerError.Swagger.TWebServer\ForEvolve.DynamicInternalServerError.Swagger.TWebServer.csproj", "{E7C36B89-A861-49A3-95AA-7A1958641C17}"
EndProject
Project("{9A19103F-16F7-4668-BE54-9A1E7A4F7556}") = "ForEvolve.DynamicInternalServerError.Swagger.Tests", "test\ForEvolve.DynamicInternalServerError.Swagger.Tests\ForEvolve.DynamicInternalServerError.Swagger.Tests.csproj", "{888A548E-CA7B-47DC-B6F0-96F3950FBBC9}"
EndProject
Project("{9A19103F-16F7-4668-BE54-9A1E7A4F7556}") = "ForEvolve.DynamicInternalServerError.FunctionalTests", "test\ForEvolve.DynamicInternalServerError.FunctionalTests\ForEvolve.DynamicInternalServerError.FunctionalTests.csproj", "{7C6F8C38-464E-421E-A2E9-817EF2AF56E9}"
EndProject
Project("{9A19103F-16F7-4668-BE54-9A1E7A4F7556}") = "ForEvolve.Markdown", "src\ForEvolve.Markdown\ForEvolve.Markdown.csproj", "{ADC46E03-4FCA-471F-BECD-B40D8EE03C12}"
EndProject
Project("{9A19103F-16F7-4668-BE54-9A1E7A4F7556}") = "ForEvolve.Markdown.Tests", "test\ForEvolve.Markdown.Tests\ForEvolve.Markdown.Tests.csproj", "{D17030A2-3A91-4F7E-B2D3-888EA00DA1F5}"
EndProject
Project("{9A19103F-16F7-4668-BE54-9A1E7A4F7556}") = "ForEvolve.Markdown.Abstractions", "src\ForEvolve.Markdown.Abstractions\ForEvolve.Markdown.Abstractions.csproj", "{B1B17847-E501-448B-AD58-DEA2BC9FF9EB}"
EndProject
Project("{9A19103F-16F7-4668-BE54-9A1E7A4F7556}") = "ForEvolve.Pdf.Abstractions", "src\ForEvolve.Pdf.Abstractions\ForEvolve.Pdf.Abstractions.csproj", "{E9BD08E0-893B-4321-8A11-BDF47403858D}"
EndProject
Project("{9A19103F-16F7-4668-BE54-9A1E7A4F7556}") = "ForEvolve.Pdf", "src\ForEvolve.Pdf\ForEvolve.Pdf.csproj", "{0E29C193-1568-4FC5-81AA-32F1924CF902}"
EndProject
Project("{9A19103F-16F7-4668-BE54-9A1E7A4F7556}") = "ForEvolve.Pdf.Tests", "test\ForEvolve.Pdf.Tests\ForEvolve.Pdf.Tests.csproj", "{FAA82F34-6F6B-4A0E-BC72-E3311307E3C1}"
EndProject
Project("{9A19103F-16F7-4668-BE54-9A1E7A4F7556}") = "ArgsLoggerConsole", "test\ArgsLoggerConsole\ArgsLoggerConsole.csproj", "{E5529812-0C30-45AF-AFCE-BA4DD0F39245}"
EndProject
Project("{9A19103F-16F7-4668-BE54-9A1E7A4F7556}") = "ForEvolve.Pdf.PhantomJs.FunctionalTests", "test\ForEvolve.Pdf.PhantomJs.FunctionalTests\ForEvolve.Pdf.PhantomJs.FunctionalTests.csproj", "{0249653D-9DBF-4A6E-9CE6-4BC3E0675CA7}"
EndProject
Project("{FAE04EC0-301F-11D3-BF4B-00C04F79EFBC}") = "ForEvolve.Pdf.PhantomJs.FunctionalTests.Runner", "test\ForEvolve.Pdf.PhantomJs.FunctionalTests.Runner\ForEvolve.Pdf.PhantomJs.FunctionalTests.Runner.csproj", "{54ED6613-EBDA-4EDB-B4DA-F1165013915C}"
EndProject
Project("{FAE04EC0-301F-11D3-BF4B-00C04F79EFBC}") = "ForEvolve.Pdf.PhantomJs.Dependencies", "src\ForEvolve.Pdf.PhantomJs.Dependencies\ForEvolve.Pdf.PhantomJs.Dependencies.csproj", "{712ABE10-DED4-49FB-9669-21F20E3EA444}"
EndProject
Global
	GlobalSection(SolutionConfigurationPlatforms) = preSolution
		Debug|Any CPU = Debug|Any CPU
		Debug|x64 = Debug|x64
		Debug|x86 = Debug|x86
		Release|Any CPU = Release|Any CPU
		Release|x64 = Release|x64
		Release|x86 = Release|x86
	EndGlobalSection
	GlobalSection(ProjectConfigurationPlatforms) = postSolution
		{369179EA-785C-4E7D-ABE1-EFDB8C301630}.Debug|Any CPU.ActiveCfg = Debug|Any CPU
		{369179EA-785C-4E7D-ABE1-EFDB8C301630}.Debug|Any CPU.Build.0 = Debug|Any CPU
		{369179EA-785C-4E7D-ABE1-EFDB8C301630}.Debug|x64.ActiveCfg = Debug|Any CPU
		{369179EA-785C-4E7D-ABE1-EFDB8C301630}.Debug|x64.Build.0 = Debug|Any CPU
		{369179EA-785C-4E7D-ABE1-EFDB8C301630}.Debug|x86.ActiveCfg = Debug|Any CPU
		{369179EA-785C-4E7D-ABE1-EFDB8C301630}.Debug|x86.Build.0 = Debug|Any CPU
		{369179EA-785C-4E7D-ABE1-EFDB8C301630}.Release|Any CPU.ActiveCfg = Release|Any CPU
		{369179EA-785C-4E7D-ABE1-EFDB8C301630}.Release|Any CPU.Build.0 = Release|Any CPU
		{369179EA-785C-4E7D-ABE1-EFDB8C301630}.Release|x64.ActiveCfg = Release|Any CPU
		{369179EA-785C-4E7D-ABE1-EFDB8C301630}.Release|x64.Build.0 = Release|Any CPU
		{369179EA-785C-4E7D-ABE1-EFDB8C301630}.Release|x86.ActiveCfg = Release|Any CPU
		{369179EA-785C-4E7D-ABE1-EFDB8C301630}.Release|x86.Build.0 = Release|Any CPU
		{803672D5-A637-4343-8E0B-7FEF28DE9F9B}.Debug|Any CPU.ActiveCfg = Debug|Any CPU
		{803672D5-A637-4343-8E0B-7FEF28DE9F9B}.Debug|Any CPU.Build.0 = Debug|Any CPU
		{803672D5-A637-4343-8E0B-7FEF28DE9F9B}.Debug|x64.ActiveCfg = Debug|Any CPU
		{803672D5-A637-4343-8E0B-7FEF28DE9F9B}.Debug|x64.Build.0 = Debug|Any CPU
		{803672D5-A637-4343-8E0B-7FEF28DE9F9B}.Debug|x86.ActiveCfg = Debug|Any CPU
		{803672D5-A637-4343-8E0B-7FEF28DE9F9B}.Debug|x86.Build.0 = Debug|Any CPU
		{803672D5-A637-4343-8E0B-7FEF28DE9F9B}.Release|Any CPU.ActiveCfg = Release|Any CPU
		{803672D5-A637-4343-8E0B-7FEF28DE9F9B}.Release|Any CPU.Build.0 = Release|Any CPU
		{803672D5-A637-4343-8E0B-7FEF28DE9F9B}.Release|x64.ActiveCfg = Release|Any CPU
		{803672D5-A637-4343-8E0B-7FEF28DE9F9B}.Release|x64.Build.0 = Release|Any CPU
		{803672D5-A637-4343-8E0B-7FEF28DE9F9B}.Release|x86.ActiveCfg = Release|Any CPU
		{803672D5-A637-4343-8E0B-7FEF28DE9F9B}.Release|x86.Build.0 = Release|Any CPU
		{0AEBFEC5-874D-4B5A-89D3-7C4EAC09C720}.Debug|Any CPU.ActiveCfg = Debug|Any CPU
		{0AEBFEC5-874D-4B5A-89D3-7C4EAC09C720}.Debug|Any CPU.Build.0 = Debug|Any CPU
		{0AEBFEC5-874D-4B5A-89D3-7C4EAC09C720}.Debug|x64.ActiveCfg = Debug|Any CPU
		{0AEBFEC5-874D-4B5A-89D3-7C4EAC09C720}.Debug|x64.Build.0 = Debug|Any CPU
		{0AEBFEC5-874D-4B5A-89D3-7C4EAC09C720}.Debug|x86.ActiveCfg = Debug|Any CPU
		{0AEBFEC5-874D-4B5A-89D3-7C4EAC09C720}.Debug|x86.Build.0 = Debug|Any CPU
		{0AEBFEC5-874D-4B5A-89D3-7C4EAC09C720}.Release|Any CPU.ActiveCfg = Release|Any CPU
		{0AEBFEC5-874D-4B5A-89D3-7C4EAC09C720}.Release|Any CPU.Build.0 = Release|Any CPU
		{0AEBFEC5-874D-4B5A-89D3-7C4EAC09C720}.Release|x64.ActiveCfg = Release|Any CPU
		{0AEBFEC5-874D-4B5A-89D3-7C4EAC09C720}.Release|x64.Build.0 = Release|Any CPU
		{0AEBFEC5-874D-4B5A-89D3-7C4EAC09C720}.Release|x86.ActiveCfg = Release|Any CPU
		{0AEBFEC5-874D-4B5A-89D3-7C4EAC09C720}.Release|x86.Build.0 = Release|Any CPU
		{ECCDED44-370B-4C72-8FB1-D77CB4D33D47}.Debug|Any CPU.ActiveCfg = Debug|Any CPU
		{ECCDED44-370B-4C72-8FB1-D77CB4D33D47}.Debug|Any CPU.Build.0 = Debug|Any CPU
		{ECCDED44-370B-4C72-8FB1-D77CB4D33D47}.Debug|x64.ActiveCfg = Debug|Any CPU
		{ECCDED44-370B-4C72-8FB1-D77CB4D33D47}.Debug|x64.Build.0 = Debug|Any CPU
		{ECCDED44-370B-4C72-8FB1-D77CB4D33D47}.Debug|x86.ActiveCfg = Debug|Any CPU
		{ECCDED44-370B-4C72-8FB1-D77CB4D33D47}.Debug|x86.Build.0 = Debug|Any CPU
		{ECCDED44-370B-4C72-8FB1-D77CB4D33D47}.Release|Any CPU.ActiveCfg = Release|Any CPU
		{ECCDED44-370B-4C72-8FB1-D77CB4D33D47}.Release|Any CPU.Build.0 = Release|Any CPU
		{ECCDED44-370B-4C72-8FB1-D77CB4D33D47}.Release|x64.ActiveCfg = Release|Any CPU
		{ECCDED44-370B-4C72-8FB1-D77CB4D33D47}.Release|x64.Build.0 = Release|Any CPU
		{ECCDED44-370B-4C72-8FB1-D77CB4D33D47}.Release|x86.ActiveCfg = Release|Any CPU
		{ECCDED44-370B-4C72-8FB1-D77CB4D33D47}.Release|x86.Build.0 = Release|Any CPU
		{4A0A73C5-B117-4DC0-8263-D1A325E4F901}.Debug|Any CPU.ActiveCfg = Debug|Any CPU
		{4A0A73C5-B117-4DC0-8263-D1A325E4F901}.Debug|Any CPU.Build.0 = Debug|Any CPU
		{4A0A73C5-B117-4DC0-8263-D1A325E4F901}.Debug|x64.ActiveCfg = Debug|Any CPU
		{4A0A73C5-B117-4DC0-8263-D1A325E4F901}.Debug|x64.Build.0 = Debug|Any CPU
		{4A0A73C5-B117-4DC0-8263-D1A325E4F901}.Debug|x86.ActiveCfg = Debug|Any CPU
		{4A0A73C5-B117-4DC0-8263-D1A325E4F901}.Debug|x86.Build.0 = Debug|Any CPU
		{4A0A73C5-B117-4DC0-8263-D1A325E4F901}.Release|Any CPU.ActiveCfg = Release|Any CPU
		{4A0A73C5-B117-4DC0-8263-D1A325E4F901}.Release|Any CPU.Build.0 = Release|Any CPU
		{4A0A73C5-B117-4DC0-8263-D1A325E4F901}.Release|x64.ActiveCfg = Release|Any CPU
		{4A0A73C5-B117-4DC0-8263-D1A325E4F901}.Release|x64.Build.0 = Release|Any CPU
		{4A0A73C5-B117-4DC0-8263-D1A325E4F901}.Release|x86.ActiveCfg = Release|Any CPU
		{4A0A73C5-B117-4DC0-8263-D1A325E4F901}.Release|x86.Build.0 = Release|Any CPU
		{F8B5B30F-FC6B-41FD-B40D-68715A868B95}.Debug|Any CPU.ActiveCfg = Debug|Any CPU
		{F8B5B30F-FC6B-41FD-B40D-68715A868B95}.Debug|Any CPU.Build.0 = Debug|Any CPU
		{F8B5B30F-FC6B-41FD-B40D-68715A868B95}.Debug|x64.ActiveCfg = Debug|Any CPU
		{F8B5B30F-FC6B-41FD-B40D-68715A868B95}.Debug|x64.Build.0 = Debug|Any CPU
		{F8B5B30F-FC6B-41FD-B40D-68715A868B95}.Debug|x86.ActiveCfg = Debug|Any CPU
		{F8B5B30F-FC6B-41FD-B40D-68715A868B95}.Debug|x86.Build.0 = Debug|Any CPU
		{F8B5B30F-FC6B-41FD-B40D-68715A868B95}.Release|Any CPU.ActiveCfg = Release|Any CPU
		{F8B5B30F-FC6B-41FD-B40D-68715A868B95}.Release|Any CPU.Build.0 = Release|Any CPU
		{F8B5B30F-FC6B-41FD-B40D-68715A868B95}.Release|x64.ActiveCfg = Release|Any CPU
		{F8B5B30F-FC6B-41FD-B40D-68715A868B95}.Release|x64.Build.0 = Release|Any CPU
		{F8B5B30F-FC6B-41FD-B40D-68715A868B95}.Release|x86.ActiveCfg = Release|Any CPU
		{F8B5B30F-FC6B-41FD-B40D-68715A868B95}.Release|x86.Build.0 = Release|Any CPU
		{18416CA4-FAA6-4FB0-8F3F-3E365942D950}.Debug|Any CPU.ActiveCfg = Debug|Any CPU
		{18416CA4-FAA6-4FB0-8F3F-3E365942D950}.Debug|Any CPU.Build.0 = Debug|Any CPU
		{18416CA4-FAA6-4FB0-8F3F-3E365942D950}.Debug|x64.ActiveCfg = Debug|Any CPU
		{18416CA4-FAA6-4FB0-8F3F-3E365942D950}.Debug|x64.Build.0 = Debug|Any CPU
		{18416CA4-FAA6-4FB0-8F3F-3E365942D950}.Debug|x86.ActiveCfg = Debug|Any CPU
		{18416CA4-FAA6-4FB0-8F3F-3E365942D950}.Debug|x86.Build.0 = Debug|Any CPU
		{18416CA4-FAA6-4FB0-8F3F-3E365942D950}.Release|Any CPU.ActiveCfg = Release|Any CPU
		{18416CA4-FAA6-4FB0-8F3F-3E365942D950}.Release|Any CPU.Build.0 = Release|Any CPU
		{18416CA4-FAA6-4FB0-8F3F-3E365942D950}.Release|x64.ActiveCfg = Release|Any CPU
		{18416CA4-FAA6-4FB0-8F3F-3E365942D950}.Release|x64.Build.0 = Release|Any CPU
		{18416CA4-FAA6-4FB0-8F3F-3E365942D950}.Release|x86.ActiveCfg = Release|Any CPU
		{18416CA4-FAA6-4FB0-8F3F-3E365942D950}.Release|x86.Build.0 = Release|Any CPU
		{FAE5864E-1899-40FC-BDB3-7E77C6CDD3D0}.Debug|Any CPU.ActiveCfg = Debug|Any CPU
		{FAE5864E-1899-40FC-BDB3-7E77C6CDD3D0}.Debug|Any CPU.Build.0 = Debug|Any CPU
		{FAE5864E-1899-40FC-BDB3-7E77C6CDD3D0}.Debug|x64.ActiveCfg = Debug|Any CPU
		{FAE5864E-1899-40FC-BDB3-7E77C6CDD3D0}.Debug|x64.Build.0 = Debug|Any CPU
		{FAE5864E-1899-40FC-BDB3-7E77C6CDD3D0}.Debug|x86.ActiveCfg = Debug|Any CPU
		{FAE5864E-1899-40FC-BDB3-7E77C6CDD3D0}.Debug|x86.Build.0 = Debug|Any CPU
		{FAE5864E-1899-40FC-BDB3-7E77C6CDD3D0}.Release|Any CPU.ActiveCfg = Release|Any CPU
		{FAE5864E-1899-40FC-BDB3-7E77C6CDD3D0}.Release|Any CPU.Build.0 = Release|Any CPU
		{FAE5864E-1899-40FC-BDB3-7E77C6CDD3D0}.Release|x64.ActiveCfg = Release|Any CPU
		{FAE5864E-1899-40FC-BDB3-7E77C6CDD3D0}.Release|x64.Build.0 = Release|Any CPU
		{FAE5864E-1899-40FC-BDB3-7E77C6CDD3D0}.Release|x86.ActiveCfg = Release|Any CPU
		{FAE5864E-1899-40FC-BDB3-7E77C6CDD3D0}.Release|x86.Build.0 = Release|Any CPU
		{276264F9-6F6E-4012-8FA3-CC17ABE93565}.Debug|Any CPU.ActiveCfg = Debug|Any CPU
		{276264F9-6F6E-4012-8FA3-CC17ABE93565}.Debug|Any CPU.Build.0 = Debug|Any CPU
		{276264F9-6F6E-4012-8FA3-CC17ABE93565}.Debug|x64.ActiveCfg = Debug|Any CPU
		{276264F9-6F6E-4012-8FA3-CC17ABE93565}.Debug|x64.Build.0 = Debug|Any CPU
		{276264F9-6F6E-4012-8FA3-CC17ABE93565}.Debug|x86.ActiveCfg = Debug|Any CPU
		{276264F9-6F6E-4012-8FA3-CC17ABE93565}.Debug|x86.Build.0 = Debug|Any CPU
		{276264F9-6F6E-4012-8FA3-CC17ABE93565}.Release|Any CPU.ActiveCfg = Release|Any CPU
		{276264F9-6F6E-4012-8FA3-CC17ABE93565}.Release|Any CPU.Build.0 = Release|Any CPU
		{276264F9-6F6E-4012-8FA3-CC17ABE93565}.Release|x64.ActiveCfg = Release|Any CPU
		{276264F9-6F6E-4012-8FA3-CC17ABE93565}.Release|x64.Build.0 = Release|Any CPU
		{276264F9-6F6E-4012-8FA3-CC17ABE93565}.Release|x86.ActiveCfg = Release|Any CPU
		{276264F9-6F6E-4012-8FA3-CC17ABE93565}.Release|x86.Build.0 = Release|Any CPU
		{DAE5C6F5-FB82-4BDB-B4E4-0D84E8036723}.Debug|Any CPU.ActiveCfg = Debug|Any CPU
		{DAE5C6F5-FB82-4BDB-B4E4-0D84E8036723}.Debug|Any CPU.Build.0 = Debug|Any CPU
		{DAE5C6F5-FB82-4BDB-B4E4-0D84E8036723}.Debug|x64.ActiveCfg = Debug|Any CPU
		{DAE5C6F5-FB82-4BDB-B4E4-0D84E8036723}.Debug|x64.Build.0 = Debug|Any CPU
		{DAE5C6F5-FB82-4BDB-B4E4-0D84E8036723}.Debug|x86.ActiveCfg = Debug|Any CPU
		{DAE5C6F5-FB82-4BDB-B4E4-0D84E8036723}.Debug|x86.Build.0 = Debug|Any CPU
		{DAE5C6F5-FB82-4BDB-B4E4-0D84E8036723}.Release|Any CPU.ActiveCfg = Release|Any CPU
		{DAE5C6F5-FB82-4BDB-B4E4-0D84E8036723}.Release|Any CPU.Build.0 = Release|Any CPU
		{DAE5C6F5-FB82-4BDB-B4E4-0D84E8036723}.Release|x64.ActiveCfg = Release|Any CPU
		{DAE5C6F5-FB82-4BDB-B4E4-0D84E8036723}.Release|x64.Build.0 = Release|Any CPU
		{DAE5C6F5-FB82-4BDB-B4E4-0D84E8036723}.Release|x86.ActiveCfg = Release|Any CPU
		{DAE5C6F5-FB82-4BDB-B4E4-0D84E8036723}.Release|x86.Build.0 = Release|Any CPU
		{A5B02FBB-F0B5-432A-9F32-41440DB1F05C}.Debug|Any CPU.ActiveCfg = Debug|Any CPU
		{A5B02FBB-F0B5-432A-9F32-41440DB1F05C}.Debug|Any CPU.Build.0 = Debug|Any CPU
		{A5B02FBB-F0B5-432A-9F32-41440DB1F05C}.Debug|x64.ActiveCfg = Debug|Any CPU
		{A5B02FBB-F0B5-432A-9F32-41440DB1F05C}.Debug|x64.Build.0 = Debug|Any CPU
		{A5B02FBB-F0B5-432A-9F32-41440DB1F05C}.Debug|x86.ActiveCfg = Debug|Any CPU
		{A5B02FBB-F0B5-432A-9F32-41440DB1F05C}.Debug|x86.Build.0 = Debug|Any CPU
		{A5B02FBB-F0B5-432A-9F32-41440DB1F05C}.Release|Any CPU.ActiveCfg = Release|Any CPU
		{A5B02FBB-F0B5-432A-9F32-41440DB1F05C}.Release|Any CPU.Build.0 = Release|Any CPU
		{A5B02FBB-F0B5-432A-9F32-41440DB1F05C}.Release|x64.ActiveCfg = Release|Any CPU
		{A5B02FBB-F0B5-432A-9F32-41440DB1F05C}.Release|x64.Build.0 = Release|Any CPU
		{A5B02FBB-F0B5-432A-9F32-41440DB1F05C}.Release|x86.ActiveCfg = Release|Any CPU
		{A5B02FBB-F0B5-432A-9F32-41440DB1F05C}.Release|x86.Build.0 = Release|Any CPU
		{45B448B4-F28B-4BD1-A2E3-49E7EA4992CF}.Debug|Any CPU.ActiveCfg = Debug|Any CPU
		{45B448B4-F28B-4BD1-A2E3-49E7EA4992CF}.Debug|Any CPU.Build.0 = Debug|Any CPU
		{45B448B4-F28B-4BD1-A2E3-49E7EA4992CF}.Debug|x64.ActiveCfg = Debug|Any CPU
		{45B448B4-F28B-4BD1-A2E3-49E7EA4992CF}.Debug|x64.Build.0 = Debug|Any CPU
		{45B448B4-F28B-4BD1-A2E3-49E7EA4992CF}.Debug|x86.ActiveCfg = Debug|Any CPU
		{45B448B4-F28B-4BD1-A2E3-49E7EA4992CF}.Debug|x86.Build.0 = Debug|Any CPU
		{45B448B4-F28B-4BD1-A2E3-49E7EA4992CF}.Release|Any CPU.ActiveCfg = Release|Any CPU
		{45B448B4-F28B-4BD1-A2E3-49E7EA4992CF}.Release|Any CPU.Build.0 = Release|Any CPU
		{45B448B4-F28B-4BD1-A2E3-49E7EA4992CF}.Release|x64.ActiveCfg = Release|Any CPU
		{45B448B4-F28B-4BD1-A2E3-49E7EA4992CF}.Release|x64.Build.0 = Release|Any CPU
		{45B448B4-F28B-4BD1-A2E3-49E7EA4992CF}.Release|x86.ActiveCfg = Release|Any CPU
		{45B448B4-F28B-4BD1-A2E3-49E7EA4992CF}.Release|x86.Build.0 = Release|Any CPU
		{FDE000E6-DF60-45EE-8134-AFAA346A1243}.Debug|Any CPU.ActiveCfg = Debug|Any CPU
		{FDE000E6-DF60-45EE-8134-AFAA346A1243}.Debug|Any CPU.Build.0 = Debug|Any CPU
		{FDE000E6-DF60-45EE-8134-AFAA346A1243}.Debug|x64.ActiveCfg = Debug|Any CPU
		{FDE000E6-DF60-45EE-8134-AFAA346A1243}.Debug|x64.Build.0 = Debug|Any CPU
		{FDE000E6-DF60-45EE-8134-AFAA346A1243}.Debug|x86.ActiveCfg = Debug|Any CPU
		{FDE000E6-DF60-45EE-8134-AFAA346A1243}.Debug|x86.Build.0 = Debug|Any CPU
		{FDE000E6-DF60-45EE-8134-AFAA346A1243}.Release|Any CPU.ActiveCfg = Release|Any CPU
		{FDE000E6-DF60-45EE-8134-AFAA346A1243}.Release|Any CPU.Build.0 = Release|Any CPU
		{FDE000E6-DF60-45EE-8134-AFAA346A1243}.Release|x64.ActiveCfg = Release|Any CPU
		{FDE000E6-DF60-45EE-8134-AFAA346A1243}.Release|x64.Build.0 = Release|Any CPU
		{FDE000E6-DF60-45EE-8134-AFAA346A1243}.Release|x86.ActiveCfg = Release|Any CPU
		{FDE000E6-DF60-45EE-8134-AFAA346A1243}.Release|x86.Build.0 = Release|Any CPU
		{A1F374CB-133A-4F94-AC8F-A90C9A503344}.Debug|Any CPU.ActiveCfg = Debug|Any CPU
		{A1F374CB-133A-4F94-AC8F-A90C9A503344}.Debug|Any CPU.Build.0 = Debug|Any CPU
		{A1F374CB-133A-4F94-AC8F-A90C9A503344}.Debug|x64.ActiveCfg = Debug|Any CPU
		{A1F374CB-133A-4F94-AC8F-A90C9A503344}.Debug|x64.Build.0 = Debug|Any CPU
		{A1F374CB-133A-4F94-AC8F-A90C9A503344}.Debug|x86.ActiveCfg = Debug|Any CPU
		{A1F374CB-133A-4F94-AC8F-A90C9A503344}.Debug|x86.Build.0 = Debug|Any CPU
		{A1F374CB-133A-4F94-AC8F-A90C9A503344}.Release|Any CPU.ActiveCfg = Release|Any CPU
		{A1F374CB-133A-4F94-AC8F-A90C9A503344}.Release|Any CPU.Build.0 = Release|Any CPU
		{A1F374CB-133A-4F94-AC8F-A90C9A503344}.Release|x64.ActiveCfg = Release|Any CPU
		{A1F374CB-133A-4F94-AC8F-A90C9A503344}.Release|x64.Build.0 = Release|Any CPU
		{A1F374CB-133A-4F94-AC8F-A90C9A503344}.Release|x86.ActiveCfg = Release|Any CPU
		{A1F374CB-133A-4F94-AC8F-A90C9A503344}.Release|x86.Build.0 = Release|Any CPU
		{E7C36B89-A861-49A3-95AA-7A1958641C17}.Debug|Any CPU.ActiveCfg = Debug|Any CPU
		{E7C36B89-A861-49A3-95AA-7A1958641C17}.Debug|Any CPU.Build.0 = Debug|Any CPU
		{E7C36B89-A861-49A3-95AA-7A1958641C17}.Debug|x64.ActiveCfg = Debug|Any CPU
		{E7C36B89-A861-49A3-95AA-7A1958641C17}.Debug|x64.Build.0 = Debug|Any CPU
		{E7C36B89-A861-49A3-95AA-7A1958641C17}.Debug|x86.ActiveCfg = Debug|Any CPU
		{E7C36B89-A861-49A3-95AA-7A1958641C17}.Debug|x86.Build.0 = Debug|Any CPU
		{E7C36B89-A861-49A3-95AA-7A1958641C17}.Release|Any CPU.ActiveCfg = Release|Any CPU
		{E7C36B89-A861-49A3-95AA-7A1958641C17}.Release|Any CPU.Build.0 = Release|Any CPU
		{E7C36B89-A861-49A3-95AA-7A1958641C17}.Release|x64.ActiveCfg = Release|Any CPU
		{E7C36B89-A861-49A3-95AA-7A1958641C17}.Release|x64.Build.0 = Release|Any CPU
		{E7C36B89-A861-49A3-95AA-7A1958641C17}.Release|x86.ActiveCfg = Release|Any CPU
		{E7C36B89-A861-49A3-95AA-7A1958641C17}.Release|x86.Build.0 = Release|Any CPU
		{888A548E-CA7B-47DC-B6F0-96F3950FBBC9}.Debug|Any CPU.ActiveCfg = Debug|Any CPU
		{888A548E-CA7B-47DC-B6F0-96F3950FBBC9}.Debug|Any CPU.Build.0 = Debug|Any CPU
		{888A548E-CA7B-47DC-B6F0-96F3950FBBC9}.Debug|x64.ActiveCfg = Debug|Any CPU
		{888A548E-CA7B-47DC-B6F0-96F3950FBBC9}.Debug|x64.Build.0 = Debug|Any CPU
		{888A548E-CA7B-47DC-B6F0-96F3950FBBC9}.Debug|x86.ActiveCfg = Debug|Any CPU
		{888A548E-CA7B-47DC-B6F0-96F3950FBBC9}.Debug|x86.Build.0 = Debug|Any CPU
		{888A548E-CA7B-47DC-B6F0-96F3950FBBC9}.Release|Any CPU.ActiveCfg = Release|Any CPU
		{888A548E-CA7B-47DC-B6F0-96F3950FBBC9}.Release|Any CPU.Build.0 = Release|Any CPU
		{888A548E-CA7B-47DC-B6F0-96F3950FBBC9}.Release|x64.ActiveCfg = Release|Any CPU
		{888A548E-CA7B-47DC-B6F0-96F3950FBBC9}.Release|x64.Build.0 = Release|Any CPU
		{888A548E-CA7B-47DC-B6F0-96F3950FBBC9}.Release|x86.ActiveCfg = Release|Any CPU
		{888A548E-CA7B-47DC-B6F0-96F3950FBBC9}.Release|x86.Build.0 = Release|Any CPU
		{7C6F8C38-464E-421E-A2E9-817EF2AF56E9}.Debug|Any CPU.ActiveCfg = Debug|Any CPU
		{7C6F8C38-464E-421E-A2E9-817EF2AF56E9}.Debug|Any CPU.Build.0 = Debug|Any CPU
		{7C6F8C38-464E-421E-A2E9-817EF2AF56E9}.Debug|x64.ActiveCfg = Debug|Any CPU
		{7C6F8C38-464E-421E-A2E9-817EF2AF56E9}.Debug|x64.Build.0 = Debug|Any CPU
		{7C6F8C38-464E-421E-A2E9-817EF2AF56E9}.Debug|x86.ActiveCfg = Debug|Any CPU
		{7C6F8C38-464E-421E-A2E9-817EF2AF56E9}.Debug|x86.Build.0 = Debug|Any CPU
		{7C6F8C38-464E-421E-A2E9-817EF2AF56E9}.Release|Any CPU.ActiveCfg = Release|Any CPU
		{7C6F8C38-464E-421E-A2E9-817EF2AF56E9}.Release|Any CPU.Build.0 = Release|Any CPU
		{7C6F8C38-464E-421E-A2E9-817EF2AF56E9}.Release|x64.ActiveCfg = Release|Any CPU
		{7C6F8C38-464E-421E-A2E9-817EF2AF56E9}.Release|x64.Build.0 = Release|Any CPU
		{7C6F8C38-464E-421E-A2E9-817EF2AF56E9}.Release|x86.ActiveCfg = Release|Any CPU
		{7C6F8C38-464E-421E-A2E9-817EF2AF56E9}.Release|x86.Build.0 = Release|Any CPU
		{ADC46E03-4FCA-471F-BECD-B40D8EE03C12}.Debug|Any CPU.ActiveCfg = Debug|Any CPU
		{ADC46E03-4FCA-471F-BECD-B40D8EE03C12}.Debug|Any CPU.Build.0 = Debug|Any CPU
		{ADC46E03-4FCA-471F-BECD-B40D8EE03C12}.Debug|x64.ActiveCfg = Debug|Any CPU
		{ADC46E03-4FCA-471F-BECD-B40D8EE03C12}.Debug|x64.Build.0 = Debug|Any CPU
		{ADC46E03-4FCA-471F-BECD-B40D8EE03C12}.Debug|x86.ActiveCfg = Debug|Any CPU
		{ADC46E03-4FCA-471F-BECD-B40D8EE03C12}.Debug|x86.Build.0 = Debug|Any CPU
		{ADC46E03-4FCA-471F-BECD-B40D8EE03C12}.Release|Any CPU.ActiveCfg = Release|Any CPU
		{ADC46E03-4FCA-471F-BECD-B40D8EE03C12}.Release|Any CPU.Build.0 = Release|Any CPU
		{ADC46E03-4FCA-471F-BECD-B40D8EE03C12}.Release|x64.ActiveCfg = Release|Any CPU
		{ADC46E03-4FCA-471F-BECD-B40D8EE03C12}.Release|x64.Build.0 = Release|Any CPU
		{ADC46E03-4FCA-471F-BECD-B40D8EE03C12}.Release|x86.ActiveCfg = Release|Any CPU
		{ADC46E03-4FCA-471F-BECD-B40D8EE03C12}.Release|x86.Build.0 = Release|Any CPU
		{D17030A2-3A91-4F7E-B2D3-888EA00DA1F5}.Debug|Any CPU.ActiveCfg = Debug|Any CPU
		{D17030A2-3A91-4F7E-B2D3-888EA00DA1F5}.Debug|Any CPU.Build.0 = Debug|Any CPU
		{D17030A2-3A91-4F7E-B2D3-888EA00DA1F5}.Debug|x64.ActiveCfg = Debug|Any CPU
		{D17030A2-3A91-4F7E-B2D3-888EA00DA1F5}.Debug|x64.Build.0 = Debug|Any CPU
		{D17030A2-3A91-4F7E-B2D3-888EA00DA1F5}.Debug|x86.ActiveCfg = Debug|Any CPU
		{D17030A2-3A91-4F7E-B2D3-888EA00DA1F5}.Debug|x86.Build.0 = Debug|Any CPU
		{D17030A2-3A91-4F7E-B2D3-888EA00DA1F5}.Release|Any CPU.ActiveCfg = Release|Any CPU
		{D17030A2-3A91-4F7E-B2D3-888EA00DA1F5}.Release|Any CPU.Build.0 = Release|Any CPU
		{D17030A2-3A91-4F7E-B2D3-888EA00DA1F5}.Release|x64.ActiveCfg = Release|Any CPU
		{D17030A2-3A91-4F7E-B2D3-888EA00DA1F5}.Release|x64.Build.0 = Release|Any CPU
		{D17030A2-3A91-4F7E-B2D3-888EA00DA1F5}.Release|x86.ActiveCfg = Release|Any CPU
		{D17030A2-3A91-4F7E-B2D3-888EA00DA1F5}.Release|x86.Build.0 = Release|Any CPU
		{B1B17847-E501-448B-AD58-DEA2BC9FF9EB}.Debug|Any CPU.ActiveCfg = Debug|Any CPU
		{B1B17847-E501-448B-AD58-DEA2BC9FF9EB}.Debug|Any CPU.Build.0 = Debug|Any CPU
		{B1B17847-E501-448B-AD58-DEA2BC9FF9EB}.Debug|x64.ActiveCfg = Debug|Any CPU
		{B1B17847-E501-448B-AD58-DEA2BC9FF9EB}.Debug|x64.Build.0 = Debug|Any CPU
		{B1B17847-E501-448B-AD58-DEA2BC9FF9EB}.Debug|x86.ActiveCfg = Debug|Any CPU
		{B1B17847-E501-448B-AD58-DEA2BC9FF9EB}.Debug|x86.Build.0 = Debug|Any CPU
		{B1B17847-E501-448B-AD58-DEA2BC9FF9EB}.Release|Any CPU.ActiveCfg = Release|Any CPU
		{B1B17847-E501-448B-AD58-DEA2BC9FF9EB}.Release|Any CPU.Build.0 = Release|Any CPU
		{B1B17847-E501-448B-AD58-DEA2BC9FF9EB}.Release|x64.ActiveCfg = Release|Any CPU
		{B1B17847-E501-448B-AD58-DEA2BC9FF9EB}.Release|x64.Build.0 = Release|Any CPU
		{B1B17847-E501-448B-AD58-DEA2BC9FF9EB}.Release|x86.ActiveCfg = Release|Any CPU
		{B1B17847-E501-448B-AD58-DEA2BC9FF9EB}.Release|x86.Build.0 = Release|Any CPU
		{E9BD08E0-893B-4321-8A11-BDF47403858D}.Debug|Any CPU.ActiveCfg = Debug|Any CPU
		{E9BD08E0-893B-4321-8A11-BDF47403858D}.Debug|Any CPU.Build.0 = Debug|Any CPU
		{E9BD08E0-893B-4321-8A11-BDF47403858D}.Debug|x64.ActiveCfg = Debug|Any CPU
		{E9BD08E0-893B-4321-8A11-BDF47403858D}.Debug|x64.Build.0 = Debug|Any CPU
		{E9BD08E0-893B-4321-8A11-BDF47403858D}.Debug|x86.ActiveCfg = Debug|Any CPU
		{E9BD08E0-893B-4321-8A11-BDF47403858D}.Debug|x86.Build.0 = Debug|Any CPU
		{E9BD08E0-893B-4321-8A11-BDF47403858D}.Release|Any CPU.ActiveCfg = Release|Any CPU
		{E9BD08E0-893B-4321-8A11-BDF47403858D}.Release|Any CPU.Build.0 = Release|Any CPU
		{E9BD08E0-893B-4321-8A11-BDF47403858D}.Release|x64.ActiveCfg = Release|Any CPU
		{E9BD08E0-893B-4321-8A11-BDF47403858D}.Release|x64.Build.0 = Release|Any CPU
		{E9BD08E0-893B-4321-8A11-BDF47403858D}.Release|x86.ActiveCfg = Release|Any CPU
		{E9BD08E0-893B-4321-8A11-BDF47403858D}.Release|x86.Build.0 = Release|Any CPU
		{0E29C193-1568-4FC5-81AA-32F1924CF902}.Debug|Any CPU.ActiveCfg = Debug|Any CPU
		{0E29C193-1568-4FC5-81AA-32F1924CF902}.Debug|Any CPU.Build.0 = Debug|Any CPU
		{0E29C193-1568-4FC5-81AA-32F1924CF902}.Debug|x64.ActiveCfg = Debug|Any CPU
		{0E29C193-1568-4FC5-81AA-32F1924CF902}.Debug|x64.Build.0 = Debug|Any CPU
		{0E29C193-1568-4FC5-81AA-32F1924CF902}.Debug|x86.ActiveCfg = Debug|Any CPU
		{0E29C193-1568-4FC5-81AA-32F1924CF902}.Debug|x86.Build.0 = Debug|Any CPU
		{0E29C193-1568-4FC5-81AA-32F1924CF902}.Release|Any CPU.ActiveCfg = Release|Any CPU
		{0E29C193-1568-4FC5-81AA-32F1924CF902}.Release|Any CPU.Build.0 = Release|Any CPU
		{0E29C193-1568-4FC5-81AA-32F1924CF902}.Release|x64.ActiveCfg = Release|Any CPU
		{0E29C193-1568-4FC5-81AA-32F1924CF902}.Release|x64.Build.0 = Release|Any CPU
		{0E29C193-1568-4FC5-81AA-32F1924CF902}.Release|x86.ActiveCfg = Release|Any CPU
		{0E29C193-1568-4FC5-81AA-32F1924CF902}.Release|x86.Build.0 = Release|Any CPU
		{FAA82F34-6F6B-4A0E-BC72-E3311307E3C1}.Debug|Any CPU.ActiveCfg = Debug|Any CPU
		{FAA82F34-6F6B-4A0E-BC72-E3311307E3C1}.Debug|Any CPU.Build.0 = Debug|Any CPU
		{FAA82F34-6F6B-4A0E-BC72-E3311307E3C1}.Debug|x64.ActiveCfg = Debug|Any CPU
		{FAA82F34-6F6B-4A0E-BC72-E3311307E3C1}.Debug|x64.Build.0 = Debug|Any CPU
		{FAA82F34-6F6B-4A0E-BC72-E3311307E3C1}.Debug|x86.ActiveCfg = Debug|Any CPU
		{FAA82F34-6F6B-4A0E-BC72-E3311307E3C1}.Debug|x86.Build.0 = Debug|Any CPU
		{FAA82F34-6F6B-4A0E-BC72-E3311307E3C1}.Release|Any CPU.ActiveCfg = Release|Any CPU
		{FAA82F34-6F6B-4A0E-BC72-E3311307E3C1}.Release|Any CPU.Build.0 = Release|Any CPU
		{FAA82F34-6F6B-4A0E-BC72-E3311307E3C1}.Release|x64.ActiveCfg = Release|Any CPU
		{FAA82F34-6F6B-4A0E-BC72-E3311307E3C1}.Release|x64.Build.0 = Release|Any CPU
		{FAA82F34-6F6B-4A0E-BC72-E3311307E3C1}.Release|x86.ActiveCfg = Release|Any CPU
		{FAA82F34-6F6B-4A0E-BC72-E3311307E3C1}.Release|x86.Build.0 = Release|Any CPU
		{E5529812-0C30-45AF-AFCE-BA4DD0F39245}.Debug|Any CPU.ActiveCfg = Debug|Any CPU
		{E5529812-0C30-45AF-AFCE-BA4DD0F39245}.Debug|Any CPU.Build.0 = Debug|Any CPU
		{E5529812-0C30-45AF-AFCE-BA4DD0F39245}.Debug|x64.ActiveCfg = Debug|Any CPU
		{E5529812-0C30-45AF-AFCE-BA4DD0F39245}.Debug|x64.Build.0 = Debug|Any CPU
		{E5529812-0C30-45AF-AFCE-BA4DD0F39245}.Debug|x86.ActiveCfg = Debug|Any CPU
		{E5529812-0C30-45AF-AFCE-BA4DD0F39245}.Debug|x86.Build.0 = Debug|Any CPU
		{E5529812-0C30-45AF-AFCE-BA4DD0F39245}.Release|Any CPU.ActiveCfg = Release|Any CPU
		{E5529812-0C30-45AF-AFCE-BA4DD0F39245}.Release|Any CPU.Build.0 = Release|Any CPU
		{E5529812-0C30-45AF-AFCE-BA4DD0F39245}.Release|x64.ActiveCfg = Release|Any CPU
		{E5529812-0C30-45AF-AFCE-BA4DD0F39245}.Release|x64.Build.0 = Release|Any CPU
		{E5529812-0C30-45AF-AFCE-BA4DD0F39245}.Release|x86.ActiveCfg = Release|Any CPU
		{E5529812-0C30-45AF-AFCE-BA4DD0F39245}.Release|x86.Build.0 = Release|Any CPU
		{0249653D-9DBF-4A6E-9CE6-4BC3E0675CA7}.Debug|Any CPU.ActiveCfg = Debug|Any CPU
		{0249653D-9DBF-4A6E-9CE6-4BC3E0675CA7}.Debug|Any CPU.Build.0 = Debug|Any CPU
		{0249653D-9DBF-4A6E-9CE6-4BC3E0675CA7}.Debug|x64.ActiveCfg = Debug|Any CPU
		{0249653D-9DBF-4A6E-9CE6-4BC3E0675CA7}.Debug|x64.Build.0 = Debug|Any CPU
		{0249653D-9DBF-4A6E-9CE6-4BC3E0675CA7}.Debug|x86.ActiveCfg = Debug|Any CPU
		{0249653D-9DBF-4A6E-9CE6-4BC3E0675CA7}.Debug|x86.Build.0 = Debug|Any CPU
		{0249653D-9DBF-4A6E-9CE6-4BC3E0675CA7}.Release|Any CPU.ActiveCfg = Release|Any CPU
		{0249653D-9DBF-4A6E-9CE6-4BC3E0675CA7}.Release|Any CPU.Build.0 = Release|Any CPU
		{0249653D-9DBF-4A6E-9CE6-4BC3E0675CA7}.Release|x64.ActiveCfg = Release|Any CPU
		{0249653D-9DBF-4A6E-9CE6-4BC3E0675CA7}.Release|x64.Build.0 = Release|Any CPU
		{0249653D-9DBF-4A6E-9CE6-4BC3E0675CA7}.Release|x86.ActiveCfg = Release|Any CPU
		{0249653D-9DBF-4A6E-9CE6-4BC3E0675CA7}.Release|x86.Build.0 = Release|Any CPU
		{54ED6613-EBDA-4EDB-B4DA-F1165013915C}.Debug|Any CPU.ActiveCfg = Debug|Any CPU
		{54ED6613-EBDA-4EDB-B4DA-F1165013915C}.Debug|Any CPU.Build.0 = Debug|Any CPU
		{54ED6613-EBDA-4EDB-B4DA-F1165013915C}.Debug|x64.ActiveCfg = Debug|Any CPU
		{54ED6613-EBDA-4EDB-B4DA-F1165013915C}.Debug|x64.Build.0 = Debug|Any CPU
		{54ED6613-EBDA-4EDB-B4DA-F1165013915C}.Debug|x86.ActiveCfg = Debug|Any CPU
		{54ED6613-EBDA-4EDB-B4DA-F1165013915C}.Debug|x86.Build.0 = Debug|Any CPU
		{54ED6613-EBDA-4EDB-B4DA-F1165013915C}.Release|Any CPU.ActiveCfg = Release|Any CPU
		{54ED6613-EBDA-4EDB-B4DA-F1165013915C}.Release|Any CPU.Build.0 = Release|Any CPU
		{54ED6613-EBDA-4EDB-B4DA-F1165013915C}.Release|x64.ActiveCfg = Release|Any CPU
		{54ED6613-EBDA-4EDB-B4DA-F1165013915C}.Release|x64.Build.0 = Release|Any CPU
		{54ED6613-EBDA-4EDB-B4DA-F1165013915C}.Release|x86.ActiveCfg = Release|Any CPU
		{54ED6613-EBDA-4EDB-B4DA-F1165013915C}.Release|x86.Build.0 = Release|Any CPU
		{712ABE10-DED4-49FB-9669-21F20E3EA444}.Debug|Any CPU.ActiveCfg = Debug|Any CPU
		{712ABE10-DED4-49FB-9669-21F20E3EA444}.Debug|Any CPU.Build.0 = Debug|Any CPU
		{712ABE10-DED4-49FB-9669-21F20E3EA444}.Debug|x64.ActiveCfg = Debug|Any CPU
		{712ABE10-DED4-49FB-9669-21F20E3EA444}.Debug|x64.Build.0 = Debug|Any CPU
		{712ABE10-DED4-49FB-9669-21F20E3EA444}.Debug|x86.ActiveCfg = Debug|Any CPU
		{712ABE10-DED4-49FB-9669-21F20E3EA444}.Debug|x86.Build.0 = Debug|Any CPU
		{712ABE10-DED4-49FB-9669-21F20E3EA444}.Release|Any CPU.ActiveCfg = Release|Any CPU
		{712ABE10-DED4-49FB-9669-21F20E3EA444}.Release|Any CPU.Build.0 = Release|Any CPU
		{712ABE10-DED4-49FB-9669-21F20E3EA444}.Release|x64.ActiveCfg = Release|Any CPU
		{712ABE10-DED4-49FB-9669-21F20E3EA444}.Release|x64.Build.0 = Release|Any CPU
		{712ABE10-DED4-49FB-9669-21F20E3EA444}.Release|x86.ActiveCfg = Release|Any CPU
		{712ABE10-DED4-49FB-9669-21F20E3EA444}.Release|x86.Build.0 = Release|Any CPU
	EndGlobalSection
	GlobalSection(SolutionProperties) = preSolution
		HideSolutionNode = FALSE
	EndGlobalSection
	GlobalSection(NestedProjects) = preSolution
		{369179EA-785C-4E7D-ABE1-EFDB8C301630} = {058CB79A-1B3F-4FF1-A281-0B4E6DF6DB92}
		{803672D5-A637-4343-8E0B-7FEF28DE9F9B} = {058CB79A-1B3F-4FF1-A281-0B4E6DF6DB92}
		{0AEBFEC5-874D-4B5A-89D3-7C4EAC09C720} = {058CB79A-1B3F-4FF1-A281-0B4E6DF6DB92}
		{ECCDED44-370B-4C72-8FB1-D77CB4D33D47} = {64EABBA2-1A28-494B-8D8E-A0F84D7322E4}
		{4A0A73C5-B117-4DC0-8263-D1A325E4F901} = {64EABBA2-1A28-494B-8D8E-A0F84D7322E4}
		{F8B5B30F-FC6B-41FD-B40D-68715A868B95} = {64EABBA2-1A28-494B-8D8E-A0F84D7322E4}
		{18416CA4-FAA6-4FB0-8F3F-3E365942D950} = {058CB79A-1B3F-4FF1-A281-0B4E6DF6DB92}
		{FAE5864E-1899-40FC-BDB3-7E77C6CDD3D0} = {64EABBA2-1A28-494B-8D8E-A0F84D7322E4}
		{276264F9-6F6E-4012-8FA3-CC17ABE93565} = {058CB79A-1B3F-4FF1-A281-0B4E6DF6DB92}
		{DAE5C6F5-FB82-4BDB-B4E4-0D84E8036723} = {64EABBA2-1A28-494B-8D8E-A0F84D7322E4}
		{A5B02FBB-F0B5-432A-9F32-41440DB1F05C} = {058CB79A-1B3F-4FF1-A281-0B4E6DF6DB92}
		{45B448B4-F28B-4BD1-A2E3-49E7EA4992CF} = {058CB79A-1B3F-4FF1-A281-0B4E6DF6DB92}
		{FDE000E6-DF60-45EE-8134-AFAA346A1243} = {64EABBA2-1A28-494B-8D8E-A0F84D7322E4}
		{A1F374CB-133A-4F94-AC8F-A90C9A503344} = {64EABBA2-1A28-494B-8D8E-A0F84D7322E4}
		{E7C36B89-A861-49A3-95AA-7A1958641C17} = {64EABBA2-1A28-494B-8D8E-A0F84D7322E4}
		{888A548E-CA7B-47DC-B6F0-96F3950FBBC9} = {64EABBA2-1A28-494B-8D8E-A0F84D7322E4}
		{7C6F8C38-464E-421E-A2E9-817EF2AF56E9} = {64EABBA2-1A28-494B-8D8E-A0F84D7322E4}
		{ADC46E03-4FCA-471F-BECD-B40D8EE03C12} = {058CB79A-1B3F-4FF1-A281-0B4E6DF6DB92}
		{D17030A2-3A91-4F7E-B2D3-888EA00DA1F5} = {64EABBA2-1A28-494B-8D8E-A0F84D7322E4}
		{B1B17847-E501-448B-AD58-DEA2BC9FF9EB} = {058CB79A-1B3F-4FF1-A281-0B4E6DF6DB92}
		{E9BD08E0-893B-4321-8A11-BDF47403858D} = {058CB79A-1B3F-4FF1-A281-0B4E6DF6DB92}
		{0E29C193-1568-4FC5-81AA-32F1924CF902} = {058CB79A-1B3F-4FF1-A281-0B4E6DF6DB92}
		{FAA82F34-6F6B-4A0E-BC72-E3311307E3C1} = {64EABBA2-1A28-494B-8D8E-A0F84D7322E4}
		{E5529812-0C30-45AF-AFCE-BA4DD0F39245} = {64EABBA2-1A28-494B-8D8E-A0F84D7322E4}
		{0249653D-9DBF-4A6E-9CE6-4BC3E0675CA7} = {64EABBA2-1A28-494B-8D8E-A0F84D7322E4}
		{54ED6613-EBDA-4EDB-B4DA-F1165013915C} = {64EABBA2-1A28-494B-8D8E-A0F84D7322E4}
		{712ABE10-DED4-49FB-9669-21F20E3EA444} = {058CB79A-1B3F-4FF1-A281-0B4E6DF6DB92}
	EndGlobalSection
	GlobalSection(ExtensibilityGlobals) = postSolution
		SolutionGuid = {806775E5-2CAA-4D17-A625-09AB1E764769}
	EndGlobalSection
EndGlobal
